{
  "requires": true,
  "lockfileVersion": 1,
  "dependencies": {
    "jexcel": {
      "version": "4.5.2",
      "resolved": "https://registry.npmjs.org/jexcel/-/jexcel-4.5.2.tgz",
      "integrity": "sha512-q3gbiPGXtkzZRjXbiHAdJaN5qq2BNC76383bFPEs/b8oj+JLge0LgFj0KVv/dRTJ/EdMDxYb5/0T1dC3bB0v0Q==",
      "requires": {
        "jsuites": "^3.4.0"
      }
    },
    "jsuites": {
      "version": "3.9.8",
      "resolved": "https://registry.npmjs.org/jsuites/-/jsuites-3.9.8.tgz",
      "integrity": "sha512-l/a4zxWpJk/bv5qK40L4X3NSXJlV129JZUfMwFva/lDL22hlC2bebx0vRXveebhbEROmuMkrvoGkJyy+/y1m0Q=="
    }
  }
}
